
Microsoft Visual Studio Solution File, Format Version 12.00
# Visual Studio Version 16
VisualStudioVersion = 16.0.30320.27
MinimumVisualStudioVersion = 10.0.40219.1
Project("{9A19103F-16F7-4668-BE54-9A1E7A4F7556}") = "Atomus.Page.Home.DefaultHome(dotNetStandard)", "dotNetStandard\Atomus.Page.Home.DefaultHome(dotNetStandard).csproj", "{1EE957CA-6B9D-42DC-8D35-97F383607B3B}"
EndProject
Global
	GlobalSection(SolutionConfigurationPlatforms) = preSolution
		Debug|Any CPU = Debug|Any CPU
		Release|Any CPU = Release|Any CPU
	EndGlobalSection
	GlobalSection(ProjectConfigurationPlatforms) = postSolution
		{1EE957CA-6B9D-42DC-8D35-97F383607B3B}.Debug|Any CPU.ActiveCfg = Debug|Any CPU
		{1EE957CA-6B9D-42DC-8D35-97F383607B3B}.Debug|Any CPU.Build.0 = Debug|Any CPU
		{1EE957CA-6B9D-42DC-8D35-97F383607B3B}.Release|Any CPU.ActiveCfg = Release|Any CPU
		{1EE957CA-6B9D-42DC-8D35-97F383607B3B}.Release|Any CPU.Build.0 = Release|Any CPU
	EndGlobalSection
	GlobalSection(SolutionProperties) = preSolution
		HideSolutionNode = FALSE
	EndGlobalSection
	GlobalSection(ExtensibilityGlobals) = postSolution
		SolutionGuid = {39CB900C-EC09-4B9E-A8AA-82642ED5C721}
	EndGlobalSection
EndGlobal
